Microsoft Visual Studio Solution File, Format Version 12.00
# Visual Studio Version 17
VisualStudioVersion = 17.13.35825.156
MinimumVisualStudioVersion = 10.0.40219.1
Project("{FAE04EC0-301F-11D3-BF4B-00C04F79EFBC}") = "Uocsochunglonnhat", "Uocsochunglonnhat.csproj", "{C95B79BC-CC93-4646-A31F-DCA82A4DE365}"
EndProject
Global
	GlobalSection(SolutionConfigurationPlatforms) = preSolution
		Debug|Any CPU = Debug|Any CPU
		Release|Any CPU = Release|Any CPU
	EndGlobalSection
	GlobalSection(ProjectConfigurationPlatforms) = postSolution
		{C95B79BC-CC93-4646-A31F-DCA82A4DE365}.Debug|Any CPU.ActiveCfg = Debug|Any CPU
		{C95B79BC-CC93-4646-A31F-DCA82A4DE365}.Debug|Any CPU.Build.0 = Debug|Any CPU
		{C95B79BC-CC93-4646-A31F-DCA82A4DE365}.Release|Any CPU.ActiveCfg = Release|Any CPU
		{C95B79BC-CC93-4646-A31F-DCA82A4DE365}.Release|Any CPU.Build.0 = Release|Any CPU
	EndGlobalSection
	GlobalSection(SolutionProperties) = preSolution
		HideSolutionNode = FALSE
	EndGlobalSection
	GlobalSection(ExtensibilityGlobals) = postSolution
		SolutionGuid = {9E913AE0-799B-4E70-86F4-3C2DB8130085}
	EndGlobalSection
EndGlobal
