Microsoft Visual Studio Solution File, Format Version 12.00
# Visual Studio Version 17
VisualStudioVersion = 17.13.35825.156
MinimumVisualStudioVersion = 10.0.40219.1
Project("{FAE04EC0-301F-11D3-BF4B-00C04F79EFBC}") = "Dientichchunhat", "Dientichchunhat.csproj", "{4E3E63A8-0CF1-4F5E-B2A7-86F83937D863}"
EndProject
Global
	GlobalSection(SolutionConfigurationPlatforms) = preSolution
		Debug|Any CPU = Debug|Any CPU
		Release|Any CPU = Release|Any CPU
	EndGlobalSection
	GlobalSection(ProjectConfigurationPlatforms) = postSolution
		{4E3E63A8-0CF1-4F5E-B2A7-86F83937D863}.Debug|Any CPU.ActiveCfg = Debug|Any CPU
		{4E3E63A8-0CF1-4F5E-B2A7-86F83937D863}.Debug|Any CPU.Build.0 = Debug|Any CPU
		{4E3E63A8-0CF1-4F5E-B2A7-86F83937D863}.Release|Any CPU.ActiveCfg = Release|Any CPU
		{4E3E63A8-0CF1-4F5E-B2A7-86F83937D863}.Release|Any CPU.Build.0 = Release|Any CPU
	EndGlobalSection
	GlobalSection(SolutionProperties) = preSolution
		HideSolutionNode = FALSE
	EndGlobalSection
	GlobalSection(ExtensibilityGlobals) = postSolution
		SolutionGuid = {A792D878-A10B-426C-93A0-AB0BF792E50A}
	EndGlobalSection
EndGlobal
