Microsoft Visual Studio Solution File, Format Version 12.00
# Visual Studio Version 17
VisualStudioVersion = 17.13.35825.156
MinimumVisualStudioVersion = 10.0.40219.1
Project("{FAE04EC0-301F-11D3-BF4B-00C04F79EFBC}") = "Chuyendoituoi", "Chuyendoituoi.csproj", "{8C24838C-B3A7-43D4-8CAC-79C5FCD5A978}"
EndProject
Global
	GlobalSection(SolutionConfigurationPlatforms) = preSolution
		Debug|Any CPU = Debug|Any CPU
		Release|Any CPU = Release|Any CPU
	EndGlobalSection
	GlobalSection(ProjectConfigurationPlatforms) = postSolution
		{8C24838C-B3A7-43D4-8CAC-79C5FCD5A978}.Debug|Any CPU.ActiveCfg = Debug|Any CPU
		{8C24838C-B3A7-43D4-8CAC-79C5FCD5A978}.Debug|Any CPU.Build.0 = Debug|Any CPU
		{8C24838C-B3A7-43D4-8CAC-79C5FCD5A978}.Release|Any CPU.ActiveCfg = Release|Any CPU
		{8C24838C-B3A7-43D4-8CAC-79C5FCD5A978}.Release|Any CPU.Build.0 = Release|Any CPU
	EndGlobalSection
	GlobalSection(SolutionProperties) = preSolution
		HideSolutionNode = FALSE
	EndGlobalSection
	GlobalSection(ExtensibilityGlobals) = postSolution
		SolutionGuid = {D5E351A5-DF39-4690-BBB6-25AD0178EB5A}
	EndGlobalSection
EndGlobal
