Microsoft Visual Studio Solution File, Format Version 12.00
# Visual Studio Version 17
VisualStudioVersion = 17.13.35825.156
MinimumVisualStudioVersion = 10.0.40219.1
Project("{FAE04EC0-301F-11D3-BF4B-00C04F79EFBC}") = "Phuongtrinhbacnhat", "Phuongtrinhbacnhat.csproj", "{037243B8-5DE5-405F-93C8-3B1E35EF5ACC}"
EndProject
Global
	GlobalSection(SolutionConfigurationPlatforms) = preSolution
		Debug|Any CPU = Debug|Any CPU
		Release|Any CPU = Release|Any CPU
	EndGlobalSection
	GlobalSection(ProjectConfigurationPlatforms) = postSolution
		{037243B8-5DE5-405F-93C8-3B1E35EF5ACC}.Debug|Any CPU.ActiveCfg = Debug|Any CPU
		{037243B8-5DE5-405F-93C8-3B1E35EF5ACC}.Debug|Any CPU.Build.0 = Debug|Any CPU
		{037243B8-5DE5-405F-93C8-3B1E35EF5ACC}.Release|Any CPU.ActiveCfg = Release|Any CPU
		{037243B8-5DE5-405F-93C8-3B1E35EF5ACC}.Release|Any CPU.Build.0 = Release|Any CPU
	EndGlobalSection
	GlobalSection(SolutionProperties) = preSolution
		HideSolutionNode = FALSE
	EndGlobalSection
	GlobalSection(ExtensibilityGlobals) = postSolution
		SolutionGuid = {9F62DB3F-6E7F-44E8-9993-75C6DC0B5647}
	EndGlobalSection
EndGlobal
