Microsoft Visual Studio Solution File, Format Version 12.00
# Visual Studio Version 17
VisualStudioVersion = 17.13.35825.156
MinimumVisualStudioVersion = 10.0.40219.1
Project("{FAE04EC0-301F-11D3-BF4B-00C04F79EFBC}") = "LopHinhChuNhat", "LopHinhChuNhat.csproj", "{FB4B84CA-3E00-4FAF-88AB-4DED1F58CE01}"
EndProject
Global
	GlobalSection(SolutionConfigurationPlatforms) = preSolution
		Debug|Any CPU = Debug|Any CPU
		Release|Any CPU = Release|Any CPU
	EndGlobalSection
	GlobalSection(ProjectConfigurationPlatforms) = postSolution
		{FB4B84CA-3E00-4FAF-88AB-4DED1F58CE01}.Debug|Any CPU.ActiveCfg = Debug|Any CPU
		{FB4B84CA-3E00-4FAF-88AB-4DED1F58CE01}.Debug|Any CPU.Build.0 = Debug|Any CPU
		{FB4B84CA-3E00-4FAF-88AB-4DED1F58CE01}.Release|Any CPU.ActiveCfg = Release|Any CPU
		{FB4B84CA-3E00-4FAF-88AB-4DED1F58CE01}.Release|Any CPU.Build.0 = Release|Any CPU
	EndGlobalSection
	GlobalSection(SolutionProperties) = preSolution
		HideSolutionNode = FALSE
	EndGlobalSection
	GlobalSection(ExtensibilityGlobals) = postSolution
		SolutionGuid = {5E301DCA-97FF-4512-B79F-34A8E5130F12}
	EndGlobalSection
EndGlobal
