Microsoft Visual Studio Solution File, Format Version 12.00
# Visual Studio Version 17
VisualStudioVersion = 17.13.35825.156
MinimumVisualStudioVersion = 10.0.40219.1
Project("{FAE04EC0-301F-11D3-BF4B-00C04F79EFBC}") = "Songaytrongthang", "Songaytrongthang.csproj", "{2CB63449-6F60-4A6E-88C3-78743D7F8B9C}"
EndProject
Global
	GlobalSection(SolutionConfigurationPlatforms) = preSolution
		Debug|Any CPU = Debug|Any CPU
		Release|Any CPU = Release|Any CPU
	EndGlobalSection
	GlobalSection(ProjectConfigurationPlatforms) = postSolution
		{2CB63449-6F60-4A6E-88C3-78743D7F8B9C}.Debug|Any CPU.ActiveCfg = Debug|Any CPU
		{2CB63449-6F60-4A6E-88C3-78743D7F8B9C}.Debug|Any CPU.Build.0 = Debug|Any CPU
		{2CB63449-6F60-4A6E-88C3-78743D7F8B9C}.Release|Any CPU.ActiveCfg = Release|Any CPU
		{2CB63449-6F60-4A6E-88C3-78743D7F8B9C}.Release|Any CPU.Build.0 = Release|Any CPU
	EndGlobalSection
	GlobalSection(SolutionProperties) = preSolution
		HideSolutionNode = FALSE
	EndGlobalSection
	GlobalSection(ExtensibilityGlobals) = postSolution
		SolutionGuid = {8B9F6A81-EB8F-4BB2-ABCC-8ABD36B68079}
	EndGlobalSection
EndGlobal
