Microsoft Visual Studio Solution File, Format Version 12.00
# Visual Studio Version 17
VisualStudioVersion = 17.13.35825.156
MinimumVisualStudioVersion = 10.0.40219.1
Project("{FAE04EC0-301F-11D3-BF4B-00C04F79EFBC}") = "Docsothanhchu", "Docsothanhchu.csproj", "{8C957B7B-7200-48AE-A412-05A33E06E7DA}"
EndProject
Global
	GlobalSection(SolutionConfigurationPlatforms) = preSolution
		Debug|Any CPU = Debug|Any CPU
		Release|Any CPU = Release|Any CPU
	EndGlobalSection
	GlobalSection(ProjectConfigurationPlatforms) = postSolution
		{8C957B7B-7200-48AE-A412-05A33E06E7DA}.Debug|Any CPU.ActiveCfg = Debug|Any CPU
		{8C957B7B-7200-48AE-A412-05A33E06E7DA}.Debug|Any CPU.Build.0 = Debug|Any CPU
		{8C957B7B-7200-48AE-A412-05A33E06E7DA}.Release|Any CPU.ActiveCfg = Release|Any CPU
		{8C957B7B-7200-48AE-A412-05A33E06E7DA}.Release|Any CPU.Build.0 = Release|Any CPU
	EndGlobalSection
	GlobalSection(SolutionProperties) = preSolution
		HideSolutionNode = FALSE
	EndGlobalSection
	GlobalSection(ExtensibilityGlobals) = postSolution
		SolutionGuid = {BD6BADCA-7B76-4A95-80E5-B5E6B9423DED}
	EndGlobalSection
EndGlobal
