Microsoft Visual Studio Solution File, Format Version 12.00
# Visual Studio Version 17
VisualStudioVersion = 17.13.35825.156
MinimumVisualStudioVersion = 10.0.40219.1
Project("{FAE04EC0-301F-11D3-BF4B-00C04F79EFBC}") = "Chuyendoitiente", "Chuyendoitiente.csproj", "{0289D225-5C3C-43F6-A2CB-9A17A92EE629}"
EndProject
Global
	GlobalSection(SolutionConfigurationPlatforms) = preSolution
		Debug|Any CPU = Debug|Any CPU
		Release|Any CPU = Release|Any CPU
	EndGlobalSection
	GlobalSection(ProjectConfigurationPlatforms) = postSolution
		{0289D225-5C3C-43F6-A2CB-9A17A92EE629}.Debug|Any CPU.ActiveCfg = Debug|Any CPU
		{0289D225-5C3C-43F6-A2CB-9A17A92EE629}.Debug|Any CPU.Build.0 = Debug|Any CPU
		{0289D225-5C3C-43F6-A2CB-9A17A92EE629}.Release|Any CPU.ActiveCfg = Release|Any CPU
		{0289D225-5C3C-43F6-A2CB-9A17A92EE629}.Release|Any CPU.Build.0 = Release|Any CPU
	EndGlobalSection
	GlobalSection(SolutionProperties) = preSolution
		HideSolutionNode = FALSE
	EndGlobalSection
	GlobalSection(ExtensibilityGlobals) = postSolution
		SolutionGuid = {0A28D6C7-44A1-41E6-BFB1-E0C8EC1070E0}
	EndGlobalSection
EndGlobal
