Microsoft Visual Studio Solution File, Format Version 12.00
# Visual Studio Version 17
VisualStudioVersion = 17.13.35825.156
MinimumVisualStudioVersion = 10.0.40219.1
Project("{FAE04EC0-301F-11D3-BF4B-00C04F79EFBC}") = "Chisocannang", "Chisocannang.csproj", "{483736AC-C984-4FD1-BF52-3D947378AEDF}"
EndProject
Global
	GlobalSection(SolutionConfigurationPlatforms) = preSolution
		Debug|Any CPU = Debug|Any CPU
		Release|Any CPU = Release|Any CPU
	EndGlobalSection
	GlobalSection(ProjectConfigurationPlatforms) = postSolution
		{483736AC-C984-4FD1-BF52-3D947378AEDF}.Debug|Any CPU.ActiveCfg = Debug|Any CPU
		{483736AC-C984-4FD1-BF52-3D947378AEDF}.Debug|Any CPU.Build.0 = Debug|Any CPU
		{483736AC-C984-4FD1-BF52-3D947378AEDF}.Release|Any CPU.ActiveCfg = Release|Any CPU
		{483736AC-C984-4FD1-BF52-3D947378AEDF}.Release|Any CPU.Build.0 = Release|Any CPU
	EndGlobalSection
	GlobalSection(SolutionProperties) = preSolution
		HideSolutionNode = FALSE
	EndGlobalSection
	GlobalSection(ExtensibilityGlobals) = postSolution
		SolutionGuid = {28CE3BF3-4E61-4381-B9E5-4218368DCFD9}
	EndGlobalSection
EndGlobal
