Microsoft Visual Studio Solution File, Format Version 12.00
# Visual Studio Version 17
VisualStudioVersion = 17.13.35825.156
MinimumVisualStudioVersion = 10.0.40219.1
Project("{FAE04EC0-301F-11D3-BF4B-00C04F79EFBC}") = "DemoList", "DemoList.csproj", "{D090720B-01C3-4D95-8478-A386F0F9758B}"
EndProject
Global
	GlobalSection(SolutionConfigurationPlatforms) = preSolution
		Debug|Any CPU = Debug|Any CPU
		Release|Any CPU = Release|Any CPU
	EndGlobalSection
	GlobalSection(ProjectConfigurationPlatforms) = postSolution
		{D090720B-01C3-4D95-8478-A386F0F9758B}.Debug|Any CPU.ActiveCfg = Debug|Any CPU
		{D090720B-01C3-4D95-8478-A386F0F9758B}.Debug|Any CPU.Build.0 = Debug|Any CPU
		{D090720B-01C3-4D95-8478-A386F0F9758B}.Release|Any CPU.ActiveCfg = Release|Any CPU
		{D090720B-01C3-4D95-8478-A386F0F9758B}.Release|Any CPU.Build.0 = Release|Any CPU
	EndGlobalSection
	GlobalSection(SolutionProperties) = preSolution
		HideSolutionNode = FALSE
	EndGlobalSection
	GlobalSection(ExtensibilityGlobals) = postSolution
		SolutionGuid = {23FE9D3A-C661-4DFF-828D-A986937801D2}
	EndGlobalSection
EndGlobal
