Microsoft Visual Studio Solution File, Format Version 12.00
# Visual Studio Version 17
VisualStudioVersion = 17.13.35825.156
MinimumVisualStudioVersion = 10.0.40219.1
Project("{FAE04EC0-301F-11D3-BF4B-00C04F79EFBC}") = "ClassFan", "ClassFan.csproj", "{60984B73-F853-4523-842F-7C7ECD139027}"
EndProject
Global
	GlobalSection(SolutionConfigurationPlatforms) = preSolution
		Debug|Any CPU = Debug|Any CPU
		Release|Any CPU = Release|Any CPU
	EndGlobalSection
	GlobalSection(ProjectConfigurationPlatforms) = postSolution
		{60984B73-F853-4523-842F-7C7ECD139027}.Debug|Any CPU.ActiveCfg = Debug|Any CPU
		{60984B73-F853-4523-842F-7C7ECD139027}.Debug|Any CPU.Build.0 = Debug|Any CPU
		{60984B73-F853-4523-842F-7C7ECD139027}.Release|Any CPU.ActiveCfg = Release|Any CPU
		{60984B73-F853-4523-842F-7C7ECD139027}.Release|Any CPU.Build.0 = Release|Any CPU
	EndGlobalSection
	GlobalSection(SolutionProperties) = preSolution
		HideSolutionNode = FALSE
	EndGlobalSection
	GlobalSection(ExtensibilityGlobals) = postSolution
		SolutionGuid = {8347E848-3C1F-451C-8681-3114ED091C0B}
	EndGlobalSection
EndGlobal
